Microsoft Visual Studio Solution File, Format Version 12.00
# Visual Studio Version 17
VisualStudioVersion = 17.5.2.0
MinimumVisualStudioVersion = 10.0.40219.1
Project("{FAE04EC0-301F-11D3-BF4B-00C04F79EFBC}") = "AlertaCPU", "AlertaCPU\AlertaCPU.csproj", "{7EB571AC-8BED-F186-270E-A0CD1D713679}"
EndProject
Global
	GlobalSection(SolutionConfigurationPlatforms) = preSolution
		Debug|Any CPU = Debug|Any CPU
		Release|Any CPU = Release|Any CPU
	EndGlobalSection
	GlobalSection(ProjectConfigurationPlatforms) = postSolution
		{7EB571AC-8BED-F186-270E-A0CD1D713679}.Debug|Any CPU.ActiveCfg = Debug|Any CPU
		{7EB571AC-8BED-F186-270E-A0CD1D713679}.Debug|Any CPU.Build.0 = Debug|Any CPU
		{7EB571AC-8BED-F186-270E-A0CD1D713679}.Release|Any CPU.ActiveCfg = Release|Any CPU
		{7EB571AC-8BED-F186-270E-A0CD1D713679}.Release|Any CPU.Build.0 = Release|Any CPU
	EndGlobalSection
	GlobalSection(SolutionProperties) = preSolution
		HideSolutionNode = FALSE
	EndGlobalSection
	GlobalSection(ExtensibilityGlobals) = postSolution
		SolutionGuid = {81FE0EDD-6863-4285-B27A-6ABB743C2833}
	EndGlobalSection
EndGlobal
